
Microsoft Visual Studio Solution File, Format Version 12.00
# Visual Studio Version 17
VisualStudioVersion = 17.0.31710.8
MinimumVisualStudioVersion = 10.0.40219.1
Project("{9A19103F-16F7-4668-BE54-9A1E7A4F7556}") = "Apex.Robot.RPi", "Apex.Robot.RPi\Apex.Robot.RPi.csproj", "{C0342C75-6EA0-4685-A1E9-A1245EE1C2BF}"
EndProject
Project("{9A19103F-16F7-4668-BE54-9A1E7A4F7556}") = "Apex.Robot.Vision", "Apex.Robot.Vision\Apex.Robot.Vision.csproj", "{A92286AC-3118-4F5B-B99E-A0368379C848}"
EndProject
Global
	GlobalSection(SolutionConfigurationPlatforms) = preSolution
		Debug|Any CPU = Debug|Any CPU
		Release|Any CPU = Release|Any CPU
	EndGlobalSection
	GlobalSection(ProjectConfigurationPlatforms) = postSolution
		{C0342C75-6EA0-4685-A1E9-A1245EE1C2BF}.Debug|Any CPU.ActiveCfg = Debug|Any CPU
		{C0342C75-6EA0-4685-A1E9-A1245EE1C2BF}.Debug|Any CPU.Build.0 = Debug|Any CPU
		{C0342C75-6EA0-4685-A1E9-A1245EE1C2BF}.Release|Any CPU.ActiveCfg = Release|Any CPU
		{C0342C75-6EA0-4685-A1E9-A1245EE1C2BF}.Release|Any CPU.Build.0 = Release|Any CPU
		{A92286AC-3118-4F5B-B99E-A0368379C848}.Debug|Any CPU.ActiveCfg = Debug|Any CPU
		{A92286AC-3118-4F5B-B99E-A0368379C848}.Debug|Any CPU.Build.0 = Debug|Any CPU
		{A92286AC-3118-4F5B-B99E-A0368379C848}.Release|Any CPU.ActiveCfg = Release|Any CPU
		{A92286AC-3118-4F5B-B99E-A0368379C848}.Release|Any CPU.Build.0 = Release|Any CPU
	EndGlobalSection
	GlobalSection(SolutionProperties) = preSolution
		HideSolutionNode = FALSE
	EndGlobalSection
	GlobalSection(ExtensibilityGlobals) = postSolution
		SolutionGuid = {E191FEA5-8241-4CC8-BB07-D14B645BE611}
	EndGlobalSection
EndGlobal
